PODS:
  - Capacitor (7.5.0):
    - CapacitorCordova
  - CapacitorCordova (7.5.0)
  - MhaberlerCapacitorZeroconfNsd (5.0.3):
    - Capacitor

DEPENDENCIES:
  - "Capacitor (from `../../node_modules/@capacitor/ios`)"
  - "CapacitorCordova (from `../../node_modules/@capacitor/ios`)"
  - "MhaberlerCapacitorZeroconfNsd (from `../../node_modules/@mhaberler/capacitor-zeroconf-nsd`)"

EXTERNAL SOURCES:
  Capacitor:
    :path: "../../node_modules/@capacitor/ios"
  CapacitorCordova:
    :path: "../../node_modules/@capacitor/ios"
  MhaberlerCapacitorZeroconfNsd:
    :path: "../../node_modules/@mhaberler/capacitor-zeroconf-nsd"

SPEC CHECKSUMS:
  Capacitor: 0a78ec6b54580fa055c11744a4e83cd7942d98ca
  CapacitorCordova: ae35646a9b46cfd00d637f195509c86594026aad
  MhaberlerCapacitorZeroconfNsd: 88705b7013c1f8da0cdc45b48323da4c54b91e78

PODFILE CHECKSUM: e2d918f85ecbf642c1a3dcb72ec2e3bb7d1d5041

COCOAPODS: 1.16.2
