{
  "originHash" : "557a918b03d5314086593164227b8fe6757a3f4c3546c27fb50d1597c901127c",
  "pins" : [
    {
      "identity" : "capacitor-swift-pm",
      "kind" : "remoteSourceControl",
      "location" : "https://github.com/ionic-team/capacitor-swift-pm.git",
      "state" : {
        "revision" : "4c7f346d16196e21fbe23d4a7a6fc7af62af6742",
        "version" : "8.5.3"
      }
    }
  ],
  "version" : 3
}
